github.com/gorilla/mux v1.8.0 h1:i40aqfkR1h2SlN9hojwV5ZA91wcXFOvkdNIeFDP5koI=
github.com/gorilla/mux v1.8.0/go.mod h1:DVbg23sWSpFRCP0SfiEN6jmj59UnW/n46BH5rLB71So=
github.com/utilyre/xmate v0.3.0 h1:gBaVKlOTgGAPF8i+F0RUIHLdydoxuaWtWfHnoFrlj60=
github.com/utilyre/xmate v0.3.0/go.mod h1:hEamayjdCWokbZBW1jSi2TRLD/1posRoonP9F9vIH38=
